
Microsoft Visual Studio Solution File, Format Version 12.00
Project("{FAE04EC0-301F-11D3-BF4B-00C04F79EFBC}") = "Core", "src\Core\Core.csproj", "{D27E1BC8-0554-43AE-B98B-057641726FC4}"
EndProject
Project("{FAE04EC0-301F-11D3-BF4B-00C04F79EFBC}") = "Infrastructure", "src\Infrastructure\Infrastructure.csproj", "{D7B044A7-060A-4E6B-A457-AF93AB03C095}"
EndProject
Project("{FAE04EC0-301F-11D3-BF4B-00C04F79EFBC}") = "Api", "src\Api\Api.csproj", "{53C0477D-D1EE-4D32-9F13-84CB55133F70}"
EndProject
Project("{FAE04EC0-301F-11D3-BF4B-00C04F79EFBC}") = "Application", "src\Application\Application.csproj", "{9D241899-3FCE-4DDA-8349-A8B3FCA48F03}"
EndProject
Project("{2150E333-8FDC-42A3-9474-1A3956D46DE8}") = "tests", "tests", "{61CD5F39-6A48-4620-B894-C30B203CC11C}"
EndProject
Project("{FAE04EC0-301F-11D3-BF4B-00C04F79EFBC}") = "UnitTests", "tests\UnitTests\UnitTests.csproj", "{F906C471-E4EB-4B4C-B8DE-F7B8BAF37A6D}"
EndProject
Project("{FAE04EC0-301F-11D3-BF4B-00C04F79EFBC}") = "IntegrationTests", "tests\IntegrationTests\IntegrationTests.csproj", "{A53F16CF-3876-46DC-AFD3-2F27215F893C}"
EndProject
Project("{2150E333-8FDC-42A3-9474-1A3956D46DE8}") = "props", "props", "{2CDC2B0B-891C-442D-B9E3-0DF5946DDED2}"
	ProjectSection(SolutionItems) = preProject
		Directory.Packages.props = Directory.Packages.props
		Directory.Build.props = Directory.Build.props
	EndProjectSection
EndProject
Global
	GlobalSection(SolutionConfigurationPlatforms) = preSolution
		Debug|Any CPU = Debug|Any CPU
		Release|Any CPU = Release|Any CPU
	EndGlobalSection
	GlobalSection(ProjectConfigurationPlatforms) = postSolution
		{D27E1BC8-0554-43AE-B98B-057641726FC4}.Debug|Any CPU.ActiveCfg = Debug|Any CPU
		{D27E1BC8-0554-43AE-B98B-057641726FC4}.Debug|Any CPU.Build.0 = Debug|Any CPU
		{D27E1BC8-0554-43AE-B98B-057641726FC4}.Release|Any CPU.ActiveCfg = Release|Any CPU
		{D27E1BC8-0554-43AE-B98B-057641726FC4}.Release|Any CPU.Build.0 = Release|Any CPU
		{D7B044A7-060A-4E6B-A457-AF93AB03C095}.Debug|Any CPU.ActiveCfg = Debug|Any CPU
		{D7B044A7-060A-4E6B-A457-AF93AB03C095}.Debug|Any CPU.Build.0 = Debug|Any CPU
		{D7B044A7-060A-4E6B-A457-AF93AB03C095}.Release|Any CPU.ActiveCfg = Release|Any CPU
		{D7B044A7-060A-4E6B-A457-AF93AB03C095}.Release|Any CPU.Build.0 = Release|Any CPU
		{53C0477D-D1EE-4D32-9F13-84CB55133F70}.Debug|Any CPU.ActiveCfg = Debug|Any CPU
		{53C0477D-D1EE-4D32-9F13-84CB55133F70}.Debug|Any CPU.Build.0 = Debug|Any CPU
		{53C0477D-D1EE-4D32-9F13-84CB55133F70}.Release|Any CPU.ActiveCfg = Release|Any CPU
		{53C0477D-D1EE-4D32-9F13-84CB55133F70}.Release|Any CPU.Build.0 = Release|Any CPU
		{9D241899-3FCE-4DDA-8349-A8B3FCA48F03}.Debug|Any CPU.ActiveCfg = Debug|Any CPU
		{9D241899-3FCE-4DDA-8349-A8B3FCA48F03}.Debug|Any CPU.Build.0 = Debug|Any CPU
		{9D241899-3FCE-4DDA-8349-A8B3FCA48F03}.Release|Any CPU.ActiveCfg = Release|Any CPU
		{9D241899-3FCE-4DDA-8349-A8B3FCA48F03}.Release|Any CPU.Build.0 = Release|Any CPU
		{F906C471-E4EB-4B4C-B8DE-F7B8BAF37A6D}.Debug|Any CPU.ActiveCfg = Debug|Any CPU
		{F906C471-E4EB-4B4C-B8DE-F7B8BAF37A6D}.Debug|Any CPU.Build.0 = Debug|Any CPU
		{F906C471-E4EB-4B4C-B8DE-F7B8BAF37A6D}.Release|Any CPU.ActiveCfg = Release|Any CPU
		{F906C471-E4EB-4B4C-B8DE-F7B8BAF37A6D}.Release|Any CPU.Build.0 = Release|Any CPU
		{A53F16CF-3876-46DC-AFD3-2F27215F893C}.Debug|Any CPU.ActiveCfg = Debug|Any CPU
		{A53F16CF-3876-46DC-AFD3-2F27215F893C}.Debug|Any CPU.Build.0 = Debug|Any CPU
		{A53F16CF-3876-46DC-AFD3-2F27215F893C}.Release|Any CPU.ActiveCfg = Release|Any CPU
		{A53F16CF-3876-46DC-AFD3-2F27215F893C}.Release|Any CPU.Build.0 = Release|Any CPU
	EndGlobalSection
	GlobalSection(NestedProjects) = preSolution
		{F906C471-E4EB-4B4C-B8DE-F7B8BAF37A6D} = {61CD5F39-6A48-4620-B894-C30B203CC11C}
		{A53F16CF-3876-46DC-AFD3-2F27215F893C} = {61CD5F39-6A48-4620-B894-C30B203CC11C}
	EndGlobalSection
EndGlobal
